
Microsoft Visual Studio Solution File, Format Version 12.00
# Visual Studio Version 17
VisualStudioVersion = 17.7.34031.279
MinimumVisualStudioVersion = 10.0.40219.1
Project("{FAE04EC0-301F-11D3-BF4B-00C04F79EFBC}") = "doan1", "doan1\doan1.csproj", "{8CE4BC24-968B-40E0-923E-A3CA385EE27E}"
EndProject
Global
	GlobalSection(SolutionConfigurationPlatforms) = preSolution
		Debug|Any CPU = Debug|Any CPU
		Release|Any CPU = Release|Any CPU
	EndGlobalSection
	GlobalSection(ProjectConfigurationPlatforms) = postSolution
		{8CE4BC24-968B-40E0-923E-A3CA385EE27E}.Debug|Any CPU.ActiveCfg = Debug|Any CPU
		{8CE4BC24-968B-40E0-923E-A3CA385EE27E}.Debug|Any CPU.Build.0 = Debug|Any CPU
		{8CE4BC24-968B-40E0-923E-A3CA385EE27E}.Release|Any CPU.ActiveCfg = Release|Any CPU
		{8CE4BC24-968B-40E0-923E-A3CA385EE27E}.Release|Any CPU.Build.0 = Release|Any CPU
	EndGlobalSection
	GlobalSection(SolutionProperties) = preSolution
		HideSolutionNode = FALSE
	EndGlobalSection
	GlobalSection(ExtensibilityGlobals) = postSolution
		SolutionGuid = {29713DD3-093B-4A1D-ACCE-9865D5353CF9}
	EndGlobalSection
EndGlobal
